
Microsoft Visual Studio Solution File, Format Version 12.00
# Visual Studio Version 17
VisualStudioVersion = 17.8.34330.188
MinimumVisualStudioVersion = 10.0.40219.1
Project("{9A19103F-16F7-4668-BE54-9A1E7A4F7556}") = "TemperatureConverter", "MVPExamples\TemperatureConverter.csproj", "{A5DDD30E-B351-4B8E-998E-16E875D87908}"
EndProject
Project("{9A19103F-16F7-4668-BE54-9A1E7A4F7556}") = "TemperatureConverterConsoleView", "TemperatureConverterConsoleView\TemperatureConverterConsoleView.csproj", "{59EC2406-188B-4D63-B1E5-55A6CA3F2659}"
EndProject
Project("{FAE04EC0-301F-11D3-BF4B-00C04F79EFBC}") = "AnimationExample", "AnimationExample\AnimationExample.csproj", "{4E6D33FE-413B-4980-BAC1-366F898581B3}"
EndProject
Global
	GlobalSection(SolutionConfigurationPlatforms) = preSolution
		Debug|Any CPU = Debug|Any CPU
		Release|Any CPU = Release|Any CPU
	EndGlobalSection
	GlobalSection(ProjectConfigurationPlatforms) = postSolution
		{A5DDD30E-B351-4B8E-998E-16E875D87908}.Debug|Any CPU.ActiveCfg = Debug|Any CPU
		{A5DDD30E-B351-4B8E-998E-16E875D87908}.Debug|Any CPU.Build.0 = Debug|Any CPU
		{A5DDD30E-B351-4B8E-998E-16E875D87908}.Release|Any CPU.ActiveCfg = Release|Any CPU
		{A5DDD30E-B351-4B8E-998E-16E875D87908}.Release|Any CPU.Build.0 = Release|Any CPU
		{59EC2406-188B-4D63-B1E5-55A6CA3F2659}.Debug|Any CPU.ActiveCfg = Debug|Any CPU
		{59EC2406-188B-4D63-B1E5-55A6CA3F2659}.Debug|Any CPU.Build.0 = Debug|Any CPU
		{59EC2406-188B-4D63-B1E5-55A6CA3F2659}.Release|Any CPU.ActiveCfg = Release|Any CPU
		{59EC2406-188B-4D63-B1E5-55A6CA3F2659}.Release|Any CPU.Build.0 = Release|Any CPU
		{4E6D33FE-413B-4980-BAC1-366F898581B3}.Debug|Any CPU.ActiveCfg = Debug|Any CPU
		{4E6D33FE-413B-4980-BAC1-366F898581B3}.Debug|Any CPU.Build.0 = Debug|Any CPU
		{4E6D33FE-413B-4980-BAC1-366F898581B3}.Release|Any CPU.ActiveCfg = Release|Any CPU
		{4E6D33FE-413B-4980-BAC1-366F898581B3}.Release|Any CPU.Build.0 = Release|Any CPU
	EndGlobalSection
	GlobalSection(SolutionProperties) = preSolution
		HideSolutionNode = FALSE
	EndGlobalSection
	GlobalSection(ExtensibilityGlobals) = postSolution
		SolutionGuid = {DBE56737-FB99-46CA-92AA-0E02B919F6E1}
	EndGlobalSection
EndGlobal
